{
  "nodes": {
    "clang-p2996": {
      "flake": false,
      "locked": {
        "lastModified": 1,
        "narHash": "sha256-lbYIk4pyvyMrenDI385yHqPSViF6xmdhz04EfRVrRHs=",
        "path": "./nix/clang-p2996",
        "type": "path"
      },
      "original": {
        "path": "./nix/clang-p2996",
        "type": "path"
      }
    },
    "nixpkgs": {
      "locked": {
        "lastModified": 1762363567,
        "narHash": "sha256-YRqMDEtSMbitIMj+JLpheSz0pwEr0Rmy5mC7myl17xs=",
        "rev": "ae814fd3904b621d8ab97418f1d0f2eb0d3716f4",
        "revCount": 889928,
        "type": "tarball",
        "url": "https://api.flakehub.com/f/pinned/NixOS/nixpkgs/0.1.889928%2Brev-ae814fd3904b621d8ab97418f1d0f2eb0d3716f4/019a5bef-29b7-7023-9317-10e3a34588a3/source.tar.gz"
      },
      "original": {
        "type": "tarball",
        "url": "https://flakehub.com/f/NixOS/nixpkgs/0.1"
      }
    },
    "root": {
      "inputs": {
        "clang-p2996": "clang-p2996",
        "nixpkgs": "nixpkgs"
      }
    }
  },
  "root": "root",
  "version": 7
}
